// !$*UTF8*$!
{
	archiveVersion = 1;
	classes = {
	};
	objectVersion = 56;
	objects = {

/* Begin PBXBuildFile section */
		314A0C542C98197E00F785AB /* ChuckNorrisJokesApp.swift in Sources */ = {isa = PBXBuildFile; fileRef = 314A0C532C98197E00F785AB /* ChuckNorrisJokesApp.swift */; };
		314A0C562C98197E00F785AB /* ContentView.swift in Sources */ = {isa = PBXBuildFile; fileRef = 314A0C552C98197E00F785AB /* ContentView.swift */; };
		314A0C582C98197F00F785AB /* Assets.xcassets in Resources */ = {isa = PBXBuildFile; fileRef = 314A0C572C98197F00F785AB /* Assets.xcassets */; };
		314A0C5B2C98197F00F785AB /* Preview Assets.xcassets in Resources */ = {isa = PBXBuildFile; fileRef = 314A0C5A2C98197F00F785AB /* Preview Assets.xcassets */; };
		314A0C5D2C98197F00F785AB /* Persistence.swift in Sources */ = {isa = PBXBuildFile; fileRef = 314A0C5C2C98197F00F785AB /* Persistence.swift */; };
		314A0C602C98197F00F785AB /* ChuckNorrisJokes.xcdatamodeld in Sources */ = {isa = PBXBuildFile; fileRef = 314A0C5E2C98197F00F785AB /* ChuckNorrisJokes.xcdatamodeld */; };
		314A0C6A2C98197F00F785AB /* ChuckNorrisJokesTests.swift in Sources */ = {isa = PBXBuildFile; fileRef = 314A0C692C98197F00F785AB /* ChuckNorrisJokesTests.swift */; };
		314A0C742C98197F00F785AB /* ChuckNorrisJokesUITests.swift in Sources */ = {isa = PBXBuildFile; fileRef = 314A0C732C98197F00F785AB /* ChuckNorrisJokesUITests.swift */; };
		314A0C762C98197F00F785AB /* ChuckNorrisJokesUITestsLaunchTests.swift in Sources */ = {isa = PBXBuildFile; fileRef = 314A0C752C98197F00F785AB /* ChuckNorrisJokesUITestsLaunchTests.swift */; };
/* End PBXBuildFile section */

/* Begin PBXContainerItemProxy section */
		314A0C662C98197F00F785AB /* PBXContainerItemProxy */ = {
			isa = PBXContainerItemProxy;
			containerPortal = 314A0C482C98197E00F785AB /* Project object */;
			proxyType = 1;
			remoteGlobalIDString = 314A0C4F2C98197E00F785AB;
			remoteInfo = ChuckNorrisJokes;
		};
		314A0C702C98197F00F785AB /* PBXContainerItemProxy */ = {
			isa = PBXContainerItemProxy;
			containerPortal = 314A0C482C98197E00F785AB /* Project object */;
			proxyType = 1;
			remoteGlobalIDString = 314A0C4F2C98197E00F785AB;
			remoteInfo = ChuckNorrisJokes;
		};
/* End PBXContainerItemProxy section */

/* Begin PBXFileReference section */
		314A0C502C98197E00F785AB /* ChuckNorrisJokes.app */ = {isa = PBXFileReference; explicitFileType = wrapper.application; includeInIndex = 0; path = ChuckNorrisJokes.app; sourceTree = BUILT_PRODUCTS_DIR; };
		314A0C532C98197E00F785AB /* ChuckNorrisJokesApp.swift */ = {isa = PBXFileReference; lastKnownFileType = sourcecode.swift; path = ChuckNorrisJokesApp.swift; sourceTree = "<group>"; };
		314A0C552C98197E00F785AB /* ContentView.swift */ = {isa = PBXFileReference; lastKnownFileType = sourcecode.swift; path = ContentView.swift; sourceTree = "<group>"; };
		314A0C572C98197F00F785AB /* Assets.xcassets */ = {isa = PBXFileReference; lastKnownFileType = folder.assetcatalog; path = Assets.xcassets; sourceTree = "<group>"; };
		314A0C5A2C98197F00F785AB /* Preview Assets.xcassets */ = {isa = PBXFileReference; lastKnownFileType = folder.assetcatalog; path = "Preview Assets.xcassets"; sourceTree = "<group>"; };
		314A0C5C2C98197F00F785AB /* Persistence.swift */ = {isa = PBXFileReference; lastKnownFileType = sourcecode.swift; path = Persistence.swift; sourceTree = "<group>"; };
		314A0C5F2C98197F00F785AB /* ChuckNorrisJokes.xcdatamodel */ = {isa = PBXFileReference; lastKnownFileType = wrapper.xcdatamodel; path = ChuckNorrisJokes.xcdatamodel; sourceTree = "<group>"; };
		314A0C652C98197F00F785AB /* ChuckNorrisJokesTests.xctest */ = {isa = PBXFileReference; explicitFileType = wrapper.cfbundle; includeInIndex = 0; path = ChuckNorrisJokesTests.xctest; sourceTree = BUILT_PRODUCTS_DIR; };
		314A0C692C98197F00F785AB /* ChuckNorrisJokesTests.swift */ = {isa = PBXFileReference; lastKnownFileType = sourcecode.swift; path = ChuckNorrisJokesTests.swift; sourceTree = "<group>"; };
		314A0C6F2C98197F00F785AB /* ChuckNorrisJokesUITests.xctest */ = {isa = PBXFileReference; explicitFileType = wrapper.cfbundle; includeInIndex = 0; path = ChuckNorrisJokesUITests.xctest; sourceTree = BUILT_PRODUCTS_DIR; };
		314A0C732C98197F00F785AB /* ChuckNorrisJokesUITests.swift */ = {isa = PBXFileReference; lastKnownFileType = sourcecode.swift; path = ChuckNorrisJokesUITests.swift; sourceTree = "<group>"; };
		314A0C752C98197F00F785AB /* ChuckNorrisJokesUITestsLaunchTests.swift */ = {isa = PBXFileReference; lastKnownFileType = sourcecode.swift; path = ChuckNorrisJokesUITestsLaunchTests.swift; sourceTree = "<group>"; };
/* End PBXFileReference section */

/* Begin PBXFrameworksBuildPhase section */
		314A0C4D2C98197E00F785AB /* Frameworks */ = {
			isa = PBXFrameworksBuildPhase;
			buildActionMask = 2147483647;
			files = (
			);
			runOnlyForDeploymentPostprocessing = 0;
		};
		314A0C622C98197F00F785AB /* Frameworks */ = {
			isa = PBXFrameworksBuildPhase;
			buildActionMask = 2147483647;
			files = (
			);
			runOnlyForDeploymentPostprocessing = 0;
		};
		314A0C6C2C98197F00F785AB /* Frameworks */ = {
			isa = PBXFrameworksBuildPhase;
			buildActionMask = 2147483647;
			files = (
			);
			runOnlyForDeploymentPostprocessing = 0;
		};
/* End PBXFrameworksBuildPhase section */

/* Begin PBXGroup section */
		314A0C472C98197E00F785AB = {
			isa = PBXGroup;
			children = (
				314A0C522C98197E00F785AB /* ChuckNorrisJokes */,
				314A0C682C98197F00F785AB /* ChuckNorrisJokesTests */,
				314A0C722C98197F00F785AB /* ChuckNorrisJokesUITests */,
				314A0C512C98197E00F785AB /* Products */,
			);
			sourceTree = "<group>";
		};
		314A0C512C98197E00F785AB /* Products */ = {
			isa = PBXGroup;
			children = (
				314A0C502C98197E00F785AB /* ChuckNorrisJokes.app */,
				314A0C652C98197F00F785AB /* ChuckNorrisJokesTests.xctest */,
				314A0C6F2C98197F00F785AB /* ChuckNorrisJokesUITests.xctest */,
			);
			name = Products;
			sourceTree = "<group>";
		};
		314A0C522C98197E00F785AB /* ChuckNorrisJokes */ = {
			isa = PBXGroup;
			children = (
				314A0C532C98197E00F785AB /* ChuckNorrisJokesApp.swift */,
				314A0C552C98197E00F785AB /* ContentView.swift */,
				314A0C572C98197F00F785AB /* Assets.xcassets */,
				314A0C5C2C98197F00F785AB /* Persistence.swift */,
				314A0C5E2C98197F00F785AB /* ChuckNorrisJokes.xcdatamodeld */,
				314A0C592C98197F00F785AB /* Preview Content */,
			);
			path = ChuckNorrisJokes;
			sourceTree = "<group>";
		};
		314A0C592C98197F00F785AB /* Preview Content */ = {
			isa = PBXGroup;
			children = (
				314A0C5A2C98197F00F785AB /* Preview Assets.xcassets */,
			);
			path = "Preview Content";
			sourceTree = "<group>";
		};
		314A0C682C98197F00F785AB /* ChuckNorrisJokesTests */ = {
			isa = PBXGroup;
			children = (
				314A0C692C98197F00F785AB /* ChuckNorrisJokesTests.swift */,
			);
			path = ChuckNorrisJokesTests;
			sourceTree = "<group>";
		};
		314A0C722C98197F00F785AB /* ChuckNorrisJokesUITests */ = {
			isa = PBXGroup;
			children = (
				314A0C732C98197F00F785AB /* ChuckNorrisJokesUITests.swift */,
				314A0C752C98197F00F785AB /* ChuckNorrisJokesUITestsLaunchTests.swift */,
			);
			path = ChuckNorrisJokesUITests;
			sourceTree = "<group>";
		};
/* End PBXGroup section */

/* Begin PBXNativeTarget section */
		314A0C4F2C98197E00F785AB /* ChuckNorrisJokes */ = {
			isa = PBXNativeTarget;
			buildConfigurationList = 314A0C792C98197F00F785AB /* Build configuration list for PBXNativeTarget "ChuckNorrisJokes" */;
			buildPhases = (
				314A0C4C2C98197E00F785AB /* Sources */,
				314A0C4D2C98197E00F785AB /* Frameworks */,
				314A0C4E2C98197E00F785AB /* Resources */,
			);
			buildRules = (
			);
			dependencies = (
			);
			name = ChuckNorrisJokes;
			productName = ChuckNorrisJokes;
			productReference = 314A0C502C98197E00F785AB /* ChuckNorrisJokes.app */;
			productType = "com.apple.product-type.application";
		};
		314A0C642C98197F00F785AB /* ChuckNorrisJokesTests */ = {
			isa = PBXNativeTarget;
			buildConfigurationList = 314A0C7C2C98197F00F785AB /* Build configuration list for PBXNativeTarget "ChuckNorrisJokesTests" */;
			buildPhases = (
				314A0C612C98197F00F785AB /* Sources */,
				314A0C622C98197F00F785AB /* Frameworks */,
				314A0C632C98197F00F785AB /* Resources */,
			);
			buildRules = (
			);
			dependencies = (
				314A0C672C98197F00F785AB /* PBXTargetDependency */,
			);
			name = ChuckNorrisJokesTests;
			productName = ChuckNorrisJokesTests;
			productReference = 314A0C652C98197F00F785AB /* ChuckNorrisJokesTests.xctest */;
			productType = "com.apple.product-type.bundle.unit-test";
		};
		314A0C6E2C98197F00F785AB /* ChuckNorrisJokesUITests */ = {
			isa = PBXNativeTarget;
			buildConfigurationList = 314A0C7F2C98197F00F785AB /* Build configuration list for PBXNativeTarget "ChuckNorrisJokesUITests" */;
			buildPhases = (
				314A0C6B2C98197F00F785AB /* Sources */,
				314A0C6C2C98197F00F785AB /* Frameworks */,
				314A0C6D2C98197F00F785AB /* Resources */,
			);
			buildRules = (
			);
			dependencies = (
				314A0C712C98197F00F785AB /* PBXTargetDependency */,
			);
			name = ChuckNorrisJokesUITests;
			productName = ChuckNorrisJokesUITests;
			productReference = 314A0C6F2C98197F00F785AB /* ChuckNorrisJokesUITests.xctest */;
			productType = "com.apple.product-type.bundle.ui-testing";
		};
/* End PBXNativeTarget section */

/* Begin PBXProject section */
		314A0C482C98197E00F785AB /* Project object */ = {
			isa = PBXProject;
			attributes = {
				BuildIndependentTargetsInParallel = 1;
				LastSwiftUpdateCheck = 1510;
				LastUpgradeCheck = 1510;
				TargetAttributes = {
					314A0C4F2C98197E00F785AB = {
						CreatedOnToolsVersion = 15.1;
					};
					314A0C642C98197F00F785AB = {
						CreatedOnToolsVersion = 15.1;
						TestTargetID = 314A0C4F2C98197E00F785AB;
					};
					314A0C6E2C98197F00F785AB = {
						CreatedOnToolsVersion = 15.1;
						TestTargetID = 314A0C4F2C98197E00F785AB;
					};
				};
			};
			buildConfigurationList = 314A0C4B2C98197E00F785AB /* Build configuration list for PBXProject "ChuckNorrisJokes" */;
			compatibilityVersion = "Xcode 14.0";
			developmentRegion = en;
			hasScannedForEncodings = 0;
			knownRegions = (
				en,
				Base,
			);
			mainGroup = 314A0C472C98197E00F785AB;
			productRefGroup = 314A0C512C98197E00F785AB /* Products */;
			projectDirPath = "";
			projectRoot = "";
			targets = (
				314A0C4F2C98197E00F785AB /* ChuckNorrisJokes */,
				314A0C642C98197F00F785AB /* ChuckNorrisJokesTests */,
				314A0C6E2C98197F00F785AB /* ChuckNorrisJokesUITests */,
			);
		};
/* End PBXProject section */

/* Begin PBXResourcesBuildPhase section */
		314A0C4E2C98197E00F785AB /* Resources */ = {
			isa = PBXResourcesBuildPhase;
			buildActionMask = 2147483647;
			files = (
				314A0C5B2C98197F00F785AB /* Preview Assets.xcassets in Resources */,
				314A0C582C98197F00F785AB /* Assets.xcassets in Resources */,
			);
			runOnlyForDeploymentPostprocessing = 0;
		};
		314A0C632C98197F00F785AB /* Resources */ = {
			isa = PBXResourcesBuildPhase;
			buildActionMask = 2147483647;
			files = (
			);
			runOnlyForDeploymentPostprocessing = 0;
		};
		314A0C6D2C98197F00F785AB /* Resources */ = {
			isa = PBXResourcesBuildPhase;
			buildActionMask = 2147483647;
			files = (
			);
			runOnlyForDeploymentPostprocessing = 0;
		};
/* End PBXResourcesBuildPhase section */

/* Begin PBXSourcesBuildPhase section */
		314A0C4C2C98197E00F785AB /* Sources */ = {
			isa = PBXSourcesBuildPhase;
			buildActionMask = 2147483647;
			files = (
				314A0C602C98197F00F785AB /* ChuckNorrisJokes.xcdatamodeld in Sources */,
				314A0C5D2C98197F00F785AB /* Persistence.swift in Sources */,
				314A0C562C98197E00F785AB /* ContentView.swift in Sources */,
				314A0C542C98197E00F785AB /* ChuckNorrisJokesApp.swift in Sources */,
			);
			runOnlyForDeploymentPostprocessing = 0;
		};
		314A0C612C98197F00F785AB /* Sources */ = {
			isa = PBXSourcesBuildPhase;
			buildActionMask = 2147483647;
			files = (
				314A0C6A2C98197F00F785AB /* ChuckNorrisJokesTests.swift in Sources */,
			);
			runOnlyForDeploymentPostprocessing = 0;
		};
		314A0C6B2C98197F00F785AB /* Sources */ = {
			isa = PBXSourcesBuildPhase;
			buildActionMask = 2147483647;
			files = (
				314A0C742C98197F00F785AB /* ChuckNorrisJokesUITests.swift in Sources */,
				314A0C762C98197F00F785AB /* ChuckNorrisJokesUITestsLaunchTests.swift in Sources */,
			);
			runOnlyForDeploymentPostprocessing = 0;
		};
/* End PBXSourcesBuildPhase section */

/* Begin PBXTargetDependency section */
		314A0C672C98197F00F785AB /* PBXTargetDependency */ = {
			isa = PBXTargetDependency;
			target = 314A0C4F2C98197E00F785AB /* ChuckNorrisJokes */;
			targetProxy = 314A0C662C98197F00F785AB /* PBXContainerItemProxy */;
		};
		314A0C712C98197F00F785AB /* PBXTargetDependency */ = {
			isa = PBXTargetDependency;
			target = 314A0C4F2C98197E00F785AB /* ChuckNorrisJokes */;
			targetProxy = 314A0C702C98197F00F785AB /* PBXContainerItemProxy */;
		};
/* End PBXTargetDependency section */

/* Begin XCBuildConfiguration section */
		314A0C772C98197F00F785AB /* Debug */ = {
			isa = XCBuildConfiguration;
			buildSettings = {
				ALWAYS_SEARCH_USER_PATHS = NO;
				ASSETCATALOG_COMPILER_GENERATE_SWIFT_ASSET_SYMBOL_EXTENSIONS = YES;
				CLANG_ANALYZER_NONNULL = YES;
				CLANG_ANALYZER_NUMBER_OBJECT_CONVERSION = YES_AGGRESSIVE;
				CLANG_CXX_LANGUAGE_STANDARD = "gnu++20";
				CLANG_ENABLE_MODULES = YES;
				CLANG_ENABLE_OBJC_ARC = YES;
				CLANG_ENABLE_OBJC_WEAK = YES;
				CLANG_WARN_BLOCK_CAPTURE_AUTORELEASING = YES;
				CLANG_WARN_BOOL_CONVERSION = YES;
				CLANG_WARN_COMMA = YES;
				CLANG_WARN_CONSTANT_CONVERSION = YES;
				CLANG_WARN_DEPRECATED_OBJC_IMPLEMENTATIONS = YES;
				CLANG_WARN_DIRECT_OBJC_ISA_USAGE = YES_ERROR;
				CLANG_WARN_DOCUMENTATION_COMMENTS = YES;
				CLANG_WARN_EMPTY_BODY = YES;
				CLANG_WARN_ENUM_CONVERSION = YES;
				CLANG_WARN_INFINITE_RECURSION = YES;
				CLANG_WARN_INT_CONVERSION = YES;
				CLANG_WARN_NON_LITERAL_NULL_CONVERSION = YES;
				CLANG_WARN_OBJC_IMPLICIT_RETAIN_SELF = YES;
				CLANG_WARN_OBJC_LITERAL_CONVERSION = YES;
				CLANG_WARN_OBJC_ROOT_CLASS = YES_ERROR;
				CLANG_WARN_QUOTED_INCLUDE_IN_FRAMEWORK_HEADER = YES;
				CLANG_WARN_RANGE_LOOP_ANALYSIS = YES;
				CLANG_WARN_STRICT_PROTOTYPES = YES;
				CLANG_WARN_SUSPICIOUS_MOVE = YES;
				CLANG_WARN_UNGUARDED_AVAILABILITY = YES_AGGRESSIVE;
				CLANG_WARN_UNREACHABLE_CODE = YES;
				CLANG_WARN__DUPLICATE_METHOD_MATCH = YES;
				COPY_PHASE_STRIP = NO;
				DEBUG_INFORMATION_FORMAT = dwarf;
				ENABLE_STRICT_OBJC_MSGSEND = YES;
				ENABLE_TESTABILITY = YES;
				ENABLE_USER_SCRIPT_SANDBOXING = YES;
				GCC_C_LANGUAGE_STANDARD = gnu17;
				GCC_DYNAMIC_NO_PIC = NO;
				GCC_NO_COMMON_BLOCKS = YES;
				GCC_OPTIMIZATION_LEVEL = 0;
				GCC_PREPROCESSOR_DEFINITIONS = (
					"DEBUG=1",
					"$(inherited)",
				);
				GCC_WARN_64_TO_32_BIT_CONVERSION = YES;
				GCC_WARN_ABOUT_RETURN_TYPE = YES_ERROR;
				GCC_WARN_UNDECLARED_SELECTOR = YES;
				GCC_WARN_UNINITIALIZED_AUTOS = YES_AGGRESSIVE;
				GCC_WARN_UNUSED_FUNCTION = YES;
				GCC_WARN_UNUSED_VARIABLE = YES;
				IPHONEOS_DEPLOYMENT_TARGET = 17.2;
				LOCALIZATION_PREFERS_STRING_CATALOGS = YES;
				MTL_ENABLE_DEBUG_INFO = INCLUDE_SOURCE;
				MTL_FAST_MATH = YES;
				ONLY_ACTIVE_ARCH = YES;
				SDKROOT = iphoneos;
				SWIFT_ACTIVE_COMPILATION_CONDITIONS = "DEBUG $(inherited)";
				SWIFT_OPTIMIZATION_LEVEL = "-Onone";
			};
			name = Debug;
		};
		314A0C782C98197F00F785AB /* Release */ = {
			isa = XCBuildConfiguration;
			buildSettings = {
				ALWAYS_SEARCH_USER_PATHS = NO;
				ASSETCATALOG_COMPILER_GENERATE_SWIFT_ASSET_SYMBOL_EXTENSIONS = YES;
				CLANG_ANALYZER_NONNULL = YES;
				CLANG_ANALYZER_NUMBER_OBJECT_CONVERSION = YES_AGGRESSIVE;
				CLANG_CXX_LANGUAGE_STANDARD = "gnu++20";
				CLANG_ENABLE_MODULES = YES;
				CLANG_ENABLE_OBJC_ARC = YES;
				CLANG_ENABLE_OBJC_WEAK = YES;
				CLANG_WARN_BLOCK_CAPTURE_AUTORELEASING = YES;
				CLANG_WARN_BOOL_CONVERSION = YES;
				CLANG_WARN_COMMA = YES;
				CLANG_WARN_CONSTANT_CONVERSION = YES;
				CLANG_WARN_DEPRECATED_OBJC_IMPLEMENTATIONS = YES;
				CLANG_WARN_DIRECT_OBJC_ISA_USAGE = YES_ERROR;
				CLANG_WARN_DOCUMENTATION_COMMENTS = YES;
				CLANG_WARN_EMPTY_BODY = YES;
				CLANG_WARN_ENUM_CONVERSION = YES;
				CLANG_WARN_INFINITE_RECURSION = YES;
				CLANG_WARN_INT_CONVERSION = YES;
				CLANG_WARN_NON_LITERAL_NULL_CONVERSION = YES;
				CLANG_WARN_OBJC_IMPLICIT_RETAIN_SELF = YES;
				CLANG_WARN_OBJC_LITERAL_CONVERSION = YES;
				CLANG_WARN_OBJC_ROOT_CLASS = YES_ERROR;
				CLANG_WARN_QUOTED_INCLUDE_IN_FRAMEWORK_HEADER = YES;
				CLANG_WARN_RANGE_LOOP_ANALYSIS = YES;
				CLANG_WARN_STRICT_PROTOTYPES = YES;
				CLANG_WARN_SUSPICIOUS_MOVE = YES;
				CLANG_WARN_UNGUARDED_AVAILABILITY = YES_AGGRESSIVE;
				CLANG_WARN_UNREACHABLE_CODE = YES;
				CLANG_WARN__DUPLICATE_METHOD_MATCH = YES;
				COPY_PHASE_STRIP = NO;
				DEBUG_INFORMATION_FORMAT = "dwarf-with-dsym";
				ENABLE_NS_ASSERTIONS = NO;
				ENABLE_STRICT_OBJC_MSGSEND = YES;
				ENABLE_USER_SCRIPT_SANDBOXING = YES;
				GCC_C_LANGUAGE_STANDARD = gnu17;
				GCC_NO_COMMON_BLOCKS = YES;
				GCC_WARN_64_TO_32_BIT_CONVERSION = YES;
				GCC_WARN_ABOUT_RETURN_TYPE = YES_ERROR;
				GCC_WARN_UNDECLARED_SELECTOR = YES;
				GCC_WARN_UNINITIALIZED_AUTOS = YES_AGGRESSIVE;
				GCC_WARN_UNUSED_FUNCTION = YES;
				GCC_WARN_UNUSED_VARIABLE = YES;
				IPHONEOS_DEPLOYMENT_TARGET = 17.2;
				LOCALIZATION_PREFERS_STRING_CATALOGS = YES;
				MTL_ENABLE_DEBUG_INFO = NO;
				MTL_FAST_MATH = YES;
				SDKROOT = iphoneos;
				SWIFT_COMPILATION_MODE = wholemodule;
				VALIDATE_PRODUCT = YES;
			};
			name = Release;
		};
		314A0C7A2C98197F00F785AB /* Debug */ = {
			isa = XCBuildConfiguration;
			buildSettings = {
				ASSETCATALOG_COMPILER_APPICON_NAME = AppIcon;
				ASSETCATALOG_COMPILER_GLOBAL_ACCENT_COLOR_NAME = AccentColor;
				CODE_SIGN_STYLE = Automatic;
				CURRENT_PROJECT_VERSION = 1;
				DEVELOPMENT_ASSET_PATHS = "\"ChuckNorrisJokes/Preview Content\"";
				DEVELOPMENT_TEAM = U68Y636YKY;
				ENABLE_PREVIEWS = YES;
				GENERATE_INFOPLIST_FILE = YES;
				INFOPLIST_KEY_UIApplicationSceneManifest_Generation = YES;
				INFOPLIST_KEY_UIApplicationSupportsIndirectInputEvents = YES;
				INFOPLIST_KEY_UILaunchScreen_Generation = YES;
				INFOPLIST_KEY_UISupportedInterfaceOrientations_iPad = "UIInterfaceOrientationPortrait UIInterfaceOrientationPortraitUpsideDown UIInterfaceOrientationLandscapeLeft UIInterfaceOrientationLandscapeRight";
				INFOPLIST_KEY_UISupportedInterfaceOrientations_iPhone = "UIInterfaceOrientationPortrait UIInterfaceOrientationLandscapeLeft UIInterfaceOrientationLandscapeRight";
				LD_RUNPATH_SEARCH_PATHS = (
					"$(inherited)",
					"@executable_path/Frameworks",
				);
				MARKETING_VERSION = 1.0;
				PRODUCT_BUNDLE_IDENTIFIER = com.marce.ChuckNorrisJokes;
				PRODUCT_NAME = "$(TARGET_NAME)";
				SWIFT_EMIT_LOC_STRINGS = YES;
				SWIFT_VERSION = 5.0;
				TARGETED_DEVICE_FAMILY = "1,2";
			};
			name = Debug;
		};
		314A0C7B2C98197F00F785AB /* Release */ = {
			isa = XCBuildConfiguration;
			buildSettings = {
				ASSETCATALOG_COMPILER_APPICON_NAME = AppIcon;
				ASSETCATALOG_COMPILER_GLOBAL_ACCENT_COLOR_NAME = AccentColor;
				CODE_SIGN_STYLE = Automatic;
				CURRENT_PROJECT_VERSION = 1;
				DEVELOPMENT_ASSET_PATHS = "\"ChuckNorrisJokes/Preview Content\"";
				DEVELOPMENT_TEAM = U68Y636YKY;
				ENABLE_PREVIEWS = YES;
				GENERATE_INFOPLIST_FILE = YES;
				INFOPLIST_KEY_UIApplicationSceneManifest_Generation = YES;
				INFOPLIST_KEY_UIApplicationSupportsIndirectInputEvents = YES;
				INFOPLIST_KEY_UILaunchScreen_Generation = YES;
				INFOPLIST_KEY_UISupportedInterfaceOrientations_iPad = "UIInterfaceOrientationPortrait UIInterfaceOrientationPortraitUpsideDown UIInterfaceOrientationLandscapeLeft UIInterfaceOrientationLandscapeRight";
				INFOPLIST_KEY_UISupportedInterfaceOrientations_iPhone = "UIInterfaceOrientationPortrait UIInterfaceOrientationLandscapeLeft UIInterfaceOrientationLandscapeRight";
				LD_RUNPATH_SEARCH_PATHS = (
					"$(inherited)",
					"@executable_path/Frameworks",
				);
				MARKETING_VERSION = 1.0;
				PRODUCT_BUNDLE_IDENTIFIER = com.marce.ChuckNorrisJokes;
				PRODUCT_NAME = "$(TARGET_NAME)";
				SWIFT_EMIT_LOC_STRINGS = YES;
				SWIFT_VERSION = 5.0;
				TARGETED_DEVICE_FAMILY = "1,2";
			};
			name = Release;
		};
		314A0C7D2C98197F00F785AB /* Debug */ = {
			isa = XCBuildConfiguration;
			buildSettings = {
				ALWAYS_EMBED_SWIFT_STANDARD_LIBRARIES = YES;
				BUNDLE_LOADER = "$(TEST_HOST)";
				CODE_SIGN_STYLE = Automatic;
				CURRENT_PROJECT_VERSION = 1;
				DEVELOPMENT_TEAM = U68Y636YKY;
				GENERATE_INFOPLIST_FILE = YES;
				IPHONEOS_DEPLOYMENT_TARGET = 17.2;
				MARKETING_VERSION = 1.0;
				PRODUCT_BUNDLE_IDENTIFIER = com.marce.ChuckNorrisJokesTests;
				PRODUCT_NAME = "$(TARGET_NAME)";
				SWIFT_EMIT_LOC_STRINGS = NO;
				SWIFT_VERSION = 5.0;
				TARGETED_DEVICE_FAMILY = "1,2";
				TEST_HOST = "$(BUILT_PRODUCTS_DIR)/ChuckNorrisJokes.app/$(BUNDLE_EXECUTABLE_FOLDER_PATH)/ChuckNorrisJokes";
			};
			name = Debug;
		};
		314A0C7E2C98197F00F785AB /* Release */ = {
			isa = XCBuildConfiguration;
			buildSettings = {
				ALWAYS_EMBED_SWIFT_STANDARD_LIBRARIES = YES;
				BUNDLE_LOADER = "$(TEST_HOST)";
				CODE_SIGN_STYLE = Automatic;
				CURRENT_PROJECT_VERSION = 1;
				DEVELOPMENT_TEAM = U68Y636YKY;
				GENERATE_INFOPLIST_FILE = YES;
				IPHONEOS_DEPLOYMENT_TARGET = 17.2;
				MARKETING_VERSION = 1.0;
				PRODUCT_BUNDLE_IDENTIFIER = com.marce.ChuckNorrisJokesTests;
				PRODUCT_NAME = "$(TARGET_NAME)";
				SWIFT_EMIT_LOC_STRINGS = NO;
				SWIFT_VERSION = 5.0;
				TARGETED_DEVICE_FAMILY = "1,2";
				TEST_HOST = "$(BUILT_PRODUCTS_DIR)/ChuckNorrisJokes.app/$(BUNDLE_EXECUTABLE_FOLDER_PATH)/ChuckNorrisJokes";
			};
			name = Release;
		};
		314A0C802C98197F00F785AB /* Debug */ = {
			isa = XCBuildConfiguration;
			buildSettings = {
				ALWAYS_EMBED_SWIFT_STANDARD_LIBRARIES = YES;
				CODE_SIGN_STYLE = Automatic;
				CURRENT_PROJECT_VERSION = 1;
				DEVELOPMENT_TEAM = U68Y636YKY;
				GENERATE_INFOPLIST_FILE = YES;
				MARKETING_VERSION = 1.0;
				PRODUCT_BUNDLE_IDENTIFIER = com.marce.ChuckNorrisJokesUITests;
				PRODUCT_NAME = "$(TARGET_NAME)";
				SWIFT_EMIT_LOC_STRINGS = NO;
				SWIFT_VERSION = 5.0;
				TARGETED_DEVICE_FAMILY = "1,2";
				TEST_TARGET_NAME = ChuckNorrisJokes;
			};
			name = Debug;
		};
		314A0C812C98197F00F785AB /* Release */ = {
			isa = XCBuildConfiguration;
			buildSettings = {
				ALWAYS_EMBED_SWIFT_STANDARD_LIBRARIES = YES;
				CODE_SIGN_STYLE = Automatic;
				CURRENT_PROJECT_VERSION = 1;
				DEVELOPMENT_TEAM = U68Y636YKY;
				GENERATE_INFOPLIST_FILE = YES;
				MARKETING_VERSION = 1.0;
				PRODUCT_BUNDLE_IDENTIFIER = com.marce.ChuckNorrisJokesUITests;
				PRODUCT_NAME = "$(TARGET_NAME)";
				SWIFT_EMIT_LOC_STRINGS = NO;
				SWIFT_VERSION = 5.0;
				TARGETED_DEVICE_FAMILY = "1,2";
				TEST_TARGET_NAME = ChuckNorrisJokes;
			};
			name = Release;
		};
/* End XCBuildConfiguration section */

/* Begin XCConfigurationList section */
		314A0C4B2C98197E00F785AB /* Build configuration list for PBXProject "ChuckNorrisJokes" */ = {
			isa = XCConfigurationList;
			buildConfigurations = (
				314A0C772C98197F00F785AB /* Debug */,
				314A0C782C98197F00F785AB /* Release */,
			);
			defaultConfigurationIsVisible = 0;
			defaultConfigurationName = Release;
		};
		314A0C792C98197F00F785AB /* Build configuration list for PBXNativeTarget "ChuckNorrisJokes" */ = {
			isa = XCConfigurationList;
			buildConfigurations = (
				314A0C7A2C98197F00F785AB /* Debug */,
				314A0C7B2C98197F00F785AB /* Release */,
			);
			defaultConfigurationIsVisible = 0;
			defaultConfigurationName = Release;
		};
		314A0C7C2C98197F00F785AB /* Build configuration list for PBXNativeTarget "ChuckNorrisJokesTests" */ = {
			isa = XCConfigurationList;
			buildConfigurations = (
				314A0C7D2C98197F00F785AB /* Debug */,
				314A0C7E2C98197F00F785AB /* Release */,
			);
			defaultConfigurationIsVisible = 0;
			defaultConfigurationName = Release;
		};
		314A0C7F2C98197F00F785AB /* Build configuration list for PBXNativeTarget "ChuckNorrisJokesUITests" */ = {
			isa = XCConfigurationList;
			buildConfigurations = (
				314A0C802C98197F00F785AB /* Debug */,
				314A0C812C98197F00F785AB /* Release */,
			);
			defaultConfigurationIsVisible = 0;
			defaultConfigurationName = Release;
		};
/* End XCConfigurationList section */

/* Begin XCVersionGroup section */
		314A0C5E2C98197F00F785AB /* ChuckNorrisJokes.xcdatamodeld */ = {
			isa = XCVersionGroup;
			children = (
				314A0C5F2C98197F00F785AB /* ChuckNorrisJokes.xcdatamodel */,
			);
			currentVersion = 314A0C5F2C98197F00F785AB /* ChuckNorrisJokes.xcdatamodel */;
			path = ChuckNorrisJokes.xcdatamodeld;
			sourceTree = "<group>";
			versionGroupType = wrapper.xcdatamodel;
		};
/* End XCVersionGroup section */
	};
	rootObject = 314A0C482C98197E00F785AB /* Project object */;
}
